Microsoft Visual Studio Solution File, Format Version 12.00
# Visual Studio 15
VisualStudioVersion = 15.0.27703.2026
MinimumVisualStudioVersion = 10.0.40219.1
Project("{8BC9CEB8-8B4A-11D0-8D11-00A0C91BC942}") = "DESTester", "DES\Cxx\DESTester.vcxproj", "{7DDADAF3-1D4F-41AA-ACA1-CB64BDED54F0}"
EndProject
Project("{8BC9CEB8-8B4A-11D0-8D11-00A0C91BC942}") = "DeviceChange", "DeviceChange\DeviceChange.vcxproj", "{6D81F398-DCDB-4958-B88A-2D30DEB1C698}"
EndProject
Project("{8BC9CEB8-8B4A-11D0-8D11-00A0C91BC942}") = "flashloader", "FlashLoader\Cxx\flashloader.vcxproj", "{E8DF83EC-6972-47EF-B403-D1C645FA2FC9}"
EndProject
Project("{8BC9CEB8-8B4A-11D0-8D11-00A0C91BC942}") = "PipeTest", "PipeTest\Cxx\PipeTest.vcxproj", "{B40ED35C-3749-4837-819B-51F6F8CFAA00}"
EndProject
Project("{8BC9CEB8-8B4A-11D0-8D11-00A0C91BC942}") = "RAMTester", "RAMTester\Cxx\RAMTester.vcxproj", "{1D6C645C-6E50-4022-A494-E246B8197E71}"
EndProject
Project("{8BC9CEB8-8B4A-11D0-8D11-00A0C91BC942}") = "fmcconfig", "FMCConfig\Cxx\fmcconfig.vcxproj", "{8EBADD32-131F-4333-8F8C-2645B917341A}"
EndProject
Global
	GlobalSection(SolutionConfigurationPlatforms) = preSolution
		Release|Win32 = Release|Win32
		Release|x64 = Release|x64
	EndGlobalSection
	GlobalSection(ProjectConfigurationPlatforms) = postSolution
		{7DDADAF3-1D4F-41AA-ACA1-CB64BDED54F0}.Release|Win32.ActiveCfg = Release|Win32
		{7DDADAF3-1D4F-41AA-ACA1-CB64BDED54F0}.Release|Win32.Build.0 = Release|Win32
		{7DDADAF3-1D4F-41AA-ACA1-CB64BDED54F0}.Release|x64.ActiveCfg = Release|x64
		{7DDADAF3-1D4F-41AA-ACA1-CB64BDED54F0}.Release|x64.Build.0 = Release|x64
		{6D81F398-DCDB-4958-B88A-2D30DEB1C698}.Release|Win32.ActiveCfg = Release|Win32
		{6D81F398-DCDB-4958-B88A-2D30DEB1C698}.Release|Win32.Build.0 = Release|Win32
		{6D81F398-DCDB-4958-B88A-2D30DEB1C698}.Release|x64.ActiveCfg = Release|x64
		{6D81F398-DCDB-4958-B88A-2D30DEB1C698}.Release|x64.Build.0 = Release|x64
		{E8DF83EC-6972-47EF-B403-D1C645FA2FC9}.Release|Win32.ActiveCfg = Release|Win32
		{E8DF83EC-6972-47EF-B403-D1C645FA2FC9}.Release|Win32.Build.0 = Release|Win32
		{E8DF83EC-6972-47EF-B403-D1C645FA2FC9}.Release|x64.ActiveCfg = Release|x64
		{E8DF83EC-6972-47EF-B403-D1C645FA2FC9}.Release|x64.Build.0 = Release|x64
		{B40ED35C-3749-4837-819B-51F6F8CFAA00}.Release|Win32.ActiveCfg = Release|Win32
		{B40ED35C-3749-4837-819B-51F6F8CFAA00}.Release|Win32.Build.0 = Release|Win32
		{B40ED35C-3749-4837-819B-51F6F8CFAA00}.Release|x64.ActiveCfg = Release|x64
		{B40ED35C-3749-4837-819B-51F6F8CFAA00}.Release|x64.Build.0 = Release|x64
		{1D6C645C-6E50-4022-A494-E246B8197E71}.Release|Win32.ActiveCfg = Release|Win32
		{1D6C645C-6E50-4022-A494-E246B8197E71}.Release|Win32.Build.0 = Release|Win32
		{1D6C645C-6E50-4022-A494-E246B8197E71}.Release|x64.ActiveCfg = Release|x64
		{1D6C645C-6E50-4022-A494-E246B8197E71}.Release|x64.Build.0 = Release|x64
		{8EBADD32-131F-4333-8F8C-2645B917341A}.Release|Win32.ActiveCfg = Release|Win32
		{8EBADD32-131F-4333-8F8C-2645B917341A}.Release|Win32.Build.0 = Release|Win32
		{8EBADD32-131F-4333-8F8C-2645B917341A}.Release|x64.ActiveCfg = Release|x64
		{8EBADD32-131F-4333-8F8C-2645B917341A}.Release|x64.Build.0 = Release|x64
	EndGlobalSection
	GlobalSection(SolutionProperties) = preSolution
		HideSolutionNode = FALSE
	EndGlobalSection
EndGlobal
