Microsoft Visual Studio Solution File, Format Version 12.00
# Visual Studio Version 16
VisualStudioVersion = 16.0.29020.237
MinimumVisualStudioVersion = 10.0.40219.1
Project("{FAE04EC0-301F-11D3-BF4B-00C04F79EFBC}") = "DESTester", "DESTester.csproj", "{E9685321-6EE8-400F-9947-7A914A0BAAF3}"
EndProject
Global
	GlobalSection(SolutionConfigurationPlatforms) = preSolution
		Debug|x64 = Debug|x64
		Debug|x86 = Debug|x86
		Release|x64 = Release|x64
		Release|x86 = Release|x86
	EndGlobalSection
	GlobalSection(ProjectConfigurationPlatforms) = postSolution
		{E9685321-6EE8-400F-9947-7A914A0BAAF3}.Debug|x64.ActiveCfg = Debug|x64
		{E9685321-6EE8-400F-9947-7A914A0BAAF3}.Debug|x64.Build.0 = Debug|x64
		{E9685321-6EE8-400F-9947-7A914A0BAAF3}.Debug|x86.ActiveCfg = Debug|x86
		{E9685321-6EE8-400F-9947-7A914A0BAAF3}.Debug|x86.Build.0 = Debug|x86
		{E9685321-6EE8-400F-9947-7A914A0BAAF3}.Release|x64.ActiveCfg = Release|x64
		{E9685321-6EE8-400F-9947-7A914A0BAAF3}.Release|x64.Build.0 = Release|x64
		{E9685321-6EE8-400F-9947-7A914A0BAAF3}.Release|x86.ActiveCfg = Release|x86
		{E9685321-6EE8-400F-9947-7A914A0BAAF3}.Release|x86.Build.0 = Release|x86
	EndGlobalSection
	GlobalSection(SolutionProperties) = preSolution
		HideSolutionNode = FALSE
	EndGlobalSection
	GlobalSection(ExtensibilityGlobals) = postSolution
		SolutionGuid = {590BEAD3-F7BE-4CCF-B6B8-C44EEA88180B}
	EndGlobalSection
EndGlobal
